
Microsoft Visual Studio Solution File, Format Version 12.00
# Visual Studio Version 16
VisualStudioVersion = 16.0.29403.142
MinimumVisualStudioVersion = 10.0.40219.1
Project("{FAE04EC0-301F-11D3-BF4B-00C04F79EFBC}") = "SampleAutomationFramework", "SampleAutomationFramework\SampleAutomationFramework.csproj", "{95A9B393-AA47-46D9-91EC-41328B88A8EA}"
EndProject
Project("{FAE04EC0-301F-11D3-BF4B-00C04F79EFBC}") = "Actuos_WebDriver", "Actuos_WebDriver\Actuos_WebDriver.csproj", "{BCA6B922-F4A1-4C59-86A3-AA5D91946A77}"
EndProject
Global
	GlobalSection(SolutionConfigurationPlatforms) = preSolution
		Debug|Any CPU = Debug|Any CPU
		Release|Any CPU = Release|Any CPU
	EndGlobalSection
	GlobalSection(ProjectConfigurationPlatforms) = postSolution
		{95A9B393-AA47-46D9-91EC-41328B88A8EA}.Debug|Any CPU.ActiveCfg = Debug|Any CPU
		{95A9B393-AA47-46D9-91EC-41328B88A8EA}.Debug|Any CPU.Build.0 = Debug|Any CPU
		{95A9B393-AA47-46D9-91EC-41328B88A8EA}.Release|Any CPU.ActiveCfg = Release|Any CPU
		{95A9B393-AA47-46D9-91EC-41328B88A8EA}.Release|Any CPU.Build.0 = Release|Any CPU
		{BCA6B922-F4A1-4C59-86A3-AA5D91946A77}.Debug|Any CPU.ActiveCfg = Debug|Any CPU
		{BCA6B922-F4A1-4C59-86A3-AA5D91946A77}.Debug|Any CPU.Build.0 = Debug|Any CPU
		{BCA6B922-F4A1-4C59-86A3-AA5D91946A77}.Release|Any CPU.ActiveCfg = Release|Any CPU
		{BCA6B922-F4A1-4C59-86A3-AA5D91946A77}.Release|Any CPU.Build.0 = Release|Any CPU
	EndGlobalSection
	GlobalSection(SolutionProperties) = preSolution
		HideSolutionNode = FALSE
	EndGlobalSection
	GlobalSection(ExtensibilityGlobals) = postSolution
		SolutionGuid = {986FADBC-18A4-4718-8582-774A4EFC84EE}
	EndGlobalSection
EndGlobal
